PODS:
  - Flutter (1.0.0)
  - flutter_siri_suggestions (0.0.1):
    - Flutter
  - flutter_tesseract_ocr (0.3.4):
    - Flutter
    - SwiftyTesseract
  - image_picker_ios (0.0.1):
    - Flutter
  - path_provider_foundation (0.0.1):
    - Flutter
    - FlutterMacOS
  - photo_manager (2.0.0):
    - Flutter
    - FlutterMacOS
  - quick_actions_ios (0.0.1):
    - Flutter
  - SwiftyTesseract (3.1.3)

DEPENDENCIES:
  - Flutter (from `Flutter`)
  - flutter_siri_suggestions (from `.symlinks/plugins/flutter_siri_suggestions/ios`)
  - flutter_tesseract_ocr (from `.symlinks/plugins/flutter_tesseract_ocr/ios`)
  - image_picker_ios (from `.symlinks/plugins/image_picker_ios/ios`)
  - path_provider_foundation (from `.symlinks/plugins/path_provider_foundation/darwin`)
  - photo_manager (from `.symlinks/plugins/photo_manager/ios`)
  - quick_actions_ios (from `.symlinks/plugins/quick_actions_ios/ios`)

SPEC REPOS:
  trunk:
    - SwiftyTesseract

EXTERNAL SOURCES:
  Flutter:
    :path: Flutter
  flutter_siri_suggestions:
    :path: ".symlinks/plugins/flutter_siri_suggestions/ios"
  flutter_tesseract_ocr:
    :path: ".symlinks/plugins/flutter_tesseract_ocr/ios"
  image_picker_ios:
    :path: ".symlinks/plugins/image_picker_ios/ios"
  path_provider_foundation:
    :path: ".symlinks/plugins/path_provider_foundation/darwin"
  photo_manager:
    :path: ".symlinks/plugins/photo_manager/ios"
  quick_actions_ios:
    :path: ".symlinks/plugins/quick_actions_ios/ios"

SPEC CHECKSUMS:
  Flutter: f04841e97a9d0b0a8025694d0796dd46242b2854
  flutter_siri_suggestions: 226fb7ef33d25d3fe0d4aa2a8bcf4b72730c466f
  flutter_tesseract_ocr: fc88408db7c5657aec3a7fc3659abfcd2ddac544
  image_picker_ios: 4a8aadfbb6dc30ad5141a2ce3832af9214a705b5
  path_provider_foundation: eaf5b3e458fc0e5fbb9940fb09980e853fe058b8
  photo_manager: 4f6810b7dfc4feb03b461ac1a70dacf91fba7604
  quick_actions_ios: 9e80dcfadfbc5d47d9cf8f47bcf428b11cf383d4
  SwiftyTesseract: 1f3d96668ae92dc2208d9842c8a59bea9fad2cbb

PODFILE CHECKSUM: 6b9eb94e9f98a329f2ef624b852a6e42d090af2b

COCOAPODS: 1.12.1
